
Microsoft Visual Studio Solution File, Format Version 12.00
# Visual Studio Version 17
VisualStudioVersion = 17.4.33110.190
MinimumVisualStudioVersion = 10.0.40219.1
Project("{9A19103F-16F7-4668-BE54-9A1E7A4F7556}") = "OpenDiffEditor2", "OpenDiffEditor\OpenDiffEditor2.csproj", "{6A197EB9-1886-4781-BA32-BA3A7EF3CD76}"
EndProject
Project("{FAE04EC0-301F-11D3-BF4B-00C04F79EFBC}") = "OpenDiffEditor", "src\OpenDiffEditor\OpenDiffEditor.csproj", "{8E52D38E-CDA6-49C6-9B20-1E56F652441B}"
EndProject
Global
	GlobalSection(SolutionConfigurationPlatforms) = preSolution
		Debug|Any CPU = Debug|Any CPU
		Debug|ARM64 = Debug|ARM64
		Debug|x64 = Debug|x64
		Debug|x86 = Debug|x86
		Release|Any CPU = Release|Any CPU
		Release|ARM64 = Release|ARM64
		Release|x64 = Release|x64
		Release|x86 = Release|x86
	EndGlobalSection
	GlobalSection(ProjectConfigurationPlatforms) = postSolution
		{6A197EB9-1886-4781-BA32-BA3A7EF3CD76}.Debug|Any CPU.ActiveCfg = Debug|Any CPU
		{6A197EB9-1886-4781-BA32-BA3A7EF3CD76}.Debug|Any CPU.Build.0 = Debug|Any CPU
		{6A197EB9-1886-4781-BA32-BA3A7EF3CD76}.Debug|ARM64.ActiveCfg = Debug|Any CPU
		{6A197EB9-1886-4781-BA32-BA3A7EF3CD76}.Debug|ARM64.Build.0 = Debug|Any CPU
		{6A197EB9-1886-4781-BA32-BA3A7EF3CD76}.Debug|x64.ActiveCfg = Debug|x64
		{6A197EB9-1886-4781-BA32-BA3A7EF3CD76}.Debug|x64.Build.0 = Debug|x64
		{6A197EB9-1886-4781-BA32-BA3A7EF3CD76}.Debug|x86.ActiveCfg = Debug|Any CPU
		{6A197EB9-1886-4781-BA32-BA3A7EF3CD76}.Debug|x86.Build.0 = Debug|Any CPU
		{6A197EB9-1886-4781-BA32-BA3A7EF3CD76}.Release|Any CPU.ActiveCfg = Release|Any CPU
		{6A197EB9-1886-4781-BA32-BA3A7EF3CD76}.Release|Any CPU.Build.0 = Release|Any CPU
		{6A197EB9-1886-4781-BA32-BA3A7EF3CD76}.Release|ARM64.ActiveCfg = Release|Any CPU
		{6A197EB9-1886-4781-BA32-BA3A7EF3CD76}.Release|ARM64.Build.0 = Release|Any CPU
		{6A197EB9-1886-4781-BA32-BA3A7EF3CD76}.Release|x64.ActiveCfg = Release|x64
		{6A197EB9-1886-4781-BA32-BA3A7EF3CD76}.Release|x64.Build.0 = Release|x64
		{6A197EB9-1886-4781-BA32-BA3A7EF3CD76}.Release|x86.ActiveCfg = Release|Any CPU
		{6A197EB9-1886-4781-BA32-BA3A7EF3CD76}.Release|x86.Build.0 = Release|Any CPU
		{8E52D38E-CDA6-49C6-9B20-1E56F652441B}.Debug|Any CPU.ActiveCfg = Debug|x64
		{8E52D38E-CDA6-49C6-9B20-1E56F652441B}.Debug|Any CPU.Build.0 = Debug|x64
		{8E52D38E-CDA6-49C6-9B20-1E56F652441B}.Debug|Any CPU.Deploy.0 = Debug|x64
		{8E52D38E-CDA6-49C6-9B20-1E56F652441B}.Debug|ARM64.ActiveCfg = Debug|ARM64
		{8E52D38E-CDA6-49C6-9B20-1E56F652441B}.Debug|ARM64.Build.0 = Debug|ARM64
		{8E52D38E-CDA6-49C6-9B20-1E56F652441B}.Debug|ARM64.Deploy.0 = Debug|ARM64
		{8E52D38E-CDA6-49C6-9B20-1E56F652441B}.Debug|x64.ActiveCfg = Debug|x64
		{8E52D38E-CDA6-49C6-9B20-1E56F652441B}.Debug|x64.Build.0 = Debug|x64
		{8E52D38E-CDA6-49C6-9B20-1E56F652441B}.Debug|x64.Deploy.0 = Debug|x64
		{8E52D38E-CDA6-49C6-9B20-1E56F652441B}.Debug|x86.ActiveCfg = Debug|x86
		{8E52D38E-CDA6-49C6-9B20-1E56F652441B}.Debug|x86.Build.0 = Debug|x86
		{8E52D38E-CDA6-49C6-9B20-1E56F652441B}.Debug|x86.Deploy.0 = Debug|x86
		{8E52D38E-CDA6-49C6-9B20-1E56F652441B}.Release|Any CPU.ActiveCfg = Release|x64
		{8E52D38E-CDA6-49C6-9B20-1E56F652441B}.Release|Any CPU.Build.0 = Release|x64
		{8E52D38E-CDA6-49C6-9B20-1E56F652441B}.Release|Any CPU.Deploy.0 = Release|x64
		{8E52D38E-CDA6-49C6-9B20-1E56F652441B}.Release|ARM64.ActiveCfg = Release|ARM64
		{8E52D38E-CDA6-49C6-9B20-1E56F652441B}.Release|ARM64.Build.0 = Release|ARM64
		{8E52D38E-CDA6-49C6-9B20-1E56F652441B}.Release|ARM64.Deploy.0 = Release|ARM64
		{8E52D38E-CDA6-49C6-9B20-1E56F652441B}.Release|x64.ActiveCfg = Release|x64
		{8E52D38E-CDA6-49C6-9B20-1E56F652441B}.Release|x64.Build.0 = Release|x64
		{8E52D38E-CDA6-49C6-9B20-1E56F652441B}.Release|x64.Deploy.0 = Release|x64
		{8E52D38E-CDA6-49C6-9B20-1E56F652441B}.Release|x86.ActiveCfg = Release|x86
		{8E52D38E-CDA6-49C6-9B20-1E56F652441B}.Release|x86.Build.0 = Release|x86
		{8E52D38E-CDA6-49C6-9B20-1E56F652441B}.Release|x86.Deploy.0 = Release|x86
	EndGlobalSection
	GlobalSection(SolutionProperties) = preSolution
		HideSolutionNode = FALSE
	EndGlobalSection
	GlobalSection(ExtensibilityGlobals) = postSolution
		SolutionGuid = {596DB0DC-2ECC-4520-9ACD-90F812D4D550}
	EndGlobalSection
EndGlobal
