
Microsoft Visual Studio Solution File, Format Version 12.00
# Visual Studio Version 17
VisualStudioVersion = 17.4.33110.190
MinimumVisualStudioVersion = 10.0.40219.1
Project("{FAE04EC0-301F-11D3-BF4B-00C04F79EFBC}") = "OpenDiffEditor", "OpenDiffEditor\OpenDiffEditor.csproj", "{6A197EB9-1886-4781-BA32-BA3A7EF3CD76}"
EndProject
Global
	GlobalSection(SolutionConfigurationPlatforms) = preSolution
		Debug|Any CPU = Debug|Any CPU
		Release|Any CPU = Release|Any CPU
	EndGlobalSection
	GlobalSection(ProjectConfigurationPlatforms) = postSolution
		{6A197EB9-1886-4781-BA32-BA3A7EF3CD76}.Debug|Any CPU.ActiveCfg = Debug|Any CPU
		{6A197EB9-1886-4781-BA32-BA3A7EF3CD76}.Debug|Any CPU.Build.0 = Debug|Any CPU
		{6A197EB9-1886-4781-BA32-BA3A7EF3CD76}.Release|Any CPU.ActiveCfg = Release|Any CPU
		{6A197EB9-1886-4781-BA32-BA3A7EF3CD76}.Release|Any CPU.Build.0 = Release|Any CPU
	EndGlobalSection
	GlobalSection(SolutionProperties) = preSolution
		HideSolutionNode = FALSE
	EndGlobalSection
	GlobalSection(ExtensibilityGlobals) = postSolution
		SolutionGuid = {596DB0DC-2ECC-4520-9ACD-90F812D4D550}
	EndGlobalSection
EndGlobal
